
Microsoft Visual Studio Solution File, Format Version 12.00
# Visual Studio 15
VisualStudioVersion = 15.0.26124.0
MinimumVisualStudioVersion = 15.0.26124.0
Project("{2150E333-8FDC-42A3-9474-1A3956D46DE8}") = "src", "src", "{0EABE618-EE73-466D-B8C2-1B557D909055}"
EndProject
Project("{FAE04EC0-301F-11D3-BF4B-00C04F79EFBC}") = "Naitzel.Intranet.Application.AdminLte", "src\Naitzel.Intranet.Application.AdminLte\Naitzel.Intranet.Application.AdminLte.csproj", "{2EC49BA7-4C0E-4A1B-9530-6C02B6A8DBC2}"
EndProject
Project("{FAE04EC0-301F-11D3-BF4B-00C04F79EFBC}") = "Naitzel.Intranet.Domain.AdminLte", "src\Naitzel.Intranet.Domain.AdminLte\Naitzel.Intranet.Domain.AdminLte.csproj", "{B92A459C-07E8-4905-8262-A12AD4A566FB}"
EndProject
Project("{FAE04EC0-301F-11D3-BF4B-00C04F79EFBC}") = "Naitzel.Intranet.Infra.CrossCutting.AdminLte", "src\Naitzel.Intranet.Infra.CrossCutting.AdminLte\Naitzel.Intranet.Infra.CrossCutting.AdminLte.csproj", "{793FE35D-D1A2-4C19-B8BB-9FCCD48147A0}"
EndProject
Project("{FAE04EC0-301F-11D3-BF4B-00C04F79EFBC}") = "Naitzel.Intranet.Infra.Data.AdminLte", "src\Naitzel.Intranet.Infra.Data.AdminLte\Naitzel.Intranet.Infra.Data.AdminLte.csproj", "{1477F3A1-CD59-4316-A9DB-B70668582ADE}"
EndProject
Project("{FAE04EC0-301F-11D3-BF4B-00C04F79EFBC}") = "Naitzel.Intranet.Service.AdminLte", "src\Naitzel.Intranet.Service.AdminLte\Naitzel.Intranet.Service.AdminLte.csproj", "{2B2F7A65-9F73-4959-98AF-A73EFF2621D4}"
EndProject
Global
	GlobalSection(SolutionConfigurationPlatforms) = preSolution
		Debug|Any CPU = Debug|Any CPU
		Debug|x64 = Debug|x64
		Debug|x86 = Debug|x86
		Release|Any CPU = Release|Any CPU
		Release|x64 = Release|x64
		Release|x86 = Release|x86
	EndGlobalSection
	GlobalSection(SolutionProperties) = preSolution
		HideSolutionNode = FALSE
	EndGlobalSection
	GlobalSection(ProjectConfigurationPlatforms) = postSolution
		{2EC49BA7-4C0E-4A1B-9530-6C02B6A8DBC2}.Debug|Any CPU.ActiveCfg = Debug|Any CPU
		{2EC49BA7-4C0E-4A1B-9530-6C02B6A8DBC2}.Debug|Any CPU.Build.0 = Debug|Any CPU
		{2EC49BA7-4C0E-4A1B-9530-6C02B6A8DBC2}.Debug|x64.ActiveCfg = Debug|Any CPU
		{2EC49BA7-4C0E-4A1B-9530-6C02B6A8DBC2}.Debug|x64.Build.0 = Debug|Any CPU
		{2EC49BA7-4C0E-4A1B-9530-6C02B6A8DBC2}.Debug|x86.ActiveCfg = Debug|Any CPU
		{2EC49BA7-4C0E-4A1B-9530-6C02B6A8DBC2}.Debug|x86.Build.0 = Debug|Any CPU
		{2EC49BA7-4C0E-4A1B-9530-6C02B6A8DBC2}.Release|Any CPU.ActiveCfg = Release|Any CPU
		{2EC49BA7-4C0E-4A1B-9530-6C02B6A8DBC2}.Release|Any CPU.Build.0 = Release|Any CPU
		{2EC49BA7-4C0E-4A1B-9530-6C02B6A8DBC2}.Release|x64.ActiveCfg = Release|Any CPU
		{2EC49BA7-4C0E-4A1B-9530-6C02B6A8DBC2}.Release|x64.Build.0 = Release|Any CPU
		{2EC49BA7-4C0E-4A1B-9530-6C02B6A8DBC2}.Release|x86.ActiveCfg = Release|Any CPU
		{2EC49BA7-4C0E-4A1B-9530-6C02B6A8DBC2}.Release|x86.Build.0 = Release|Any CPU
		{B92A459C-07E8-4905-8262-A12AD4A566FB}.Debug|Any CPU.ActiveCfg = Debug|Any CPU
		{B92A459C-07E8-4905-8262-A12AD4A566FB}.Debug|Any CPU.Build.0 = Debug|Any CPU
		{B92A459C-07E8-4905-8262-A12AD4A566FB}.Debug|x64.ActiveCfg = Debug|Any CPU
		{B92A459C-07E8-4905-8262-A12AD4A566FB}.Debug|x64.Build.0 = Debug|Any CPU
		{B92A459C-07E8-4905-8262-A12AD4A566FB}.Debug|x86.ActiveCfg = Debug|Any CPU
		{B92A459C-07E8-4905-8262-A12AD4A566FB}.Debug|x86.Build.0 = Debug|Any CPU
		{B92A459C-07E8-4905-8262-A12AD4A566FB}.Release|Any CPU.ActiveCfg = Release|Any CPU
		{B92A459C-07E8-4905-8262-A12AD4A566FB}.Release|Any CPU.Build.0 = Release|Any CPU
		{B92A459C-07E8-4905-8262-A12AD4A566FB}.Release|x64.ActiveCfg = Release|Any CPU
		{B92A459C-07E8-4905-8262-A12AD4A566FB}.Release|x64.Build.0 = Release|Any CPU
		{B92A459C-07E8-4905-8262-A12AD4A566FB}.Release|x86.ActiveCfg = Release|Any CPU
		{B92A459C-07E8-4905-8262-A12AD4A566FB}.Release|x86.Build.0 = Release|Any CPU
		{793FE35D-D1A2-4C19-B8BB-9FCCD48147A0}.Debug|Any CPU.ActiveCfg = Debug|Any CPU
		{793FE35D-D1A2-4C19-B8BB-9FCCD48147A0}.Debug|Any CPU.Build.0 = Debug|Any CPU
		{793FE35D-D1A2-4C19-B8BB-9FCCD48147A0}.Debug|x64.ActiveCfg = Debug|Any CPU
		{793FE35D-D1A2-4C19-B8BB-9FCCD48147A0}.Debug|x64.Build.0 = Debug|Any CPU
		{793FE35D-D1A2-4C19-B8BB-9FCCD48147A0}.Debug|x86.ActiveCfg = Debug|Any CPU
		{793FE35D-D1A2-4C19-B8BB-9FCCD48147A0}.Debug|x86.Build.0 = Debug|Any CPU
		{793FE35D-D1A2-4C19-B8BB-9FCCD48147A0}.Release|Any CPU.ActiveCfg = Release|Any CPU
		{793FE35D-D1A2-4C19-B8BB-9FCCD48147A0}.Release|Any CPU.Build.0 = Release|Any CPU
		{793FE35D-D1A2-4C19-B8BB-9FCCD48147A0}.Release|x64.ActiveCfg = Release|Any CPU
		{793FE35D-D1A2-4C19-B8BB-9FCCD48147A0}.Release|x64.Build.0 = Release|Any CPU
		{793FE35D-D1A2-4C19-B8BB-9FCCD48147A0}.Release|x86.ActiveCfg = Release|Any CPU
		{793FE35D-D1A2-4C19-B8BB-9FCCD48147A0}.Release|x86.Build.0 = Release|Any CPU
		{1477F3A1-CD59-4316-A9DB-B70668582ADE}.Debug|Any CPU.ActiveCfg = Debug|Any CPU
		{1477F3A1-CD59-4316-A9DB-B70668582ADE}.Debug|Any CPU.Build.0 = Debug|Any CPU
		{1477F3A1-CD59-4316-A9DB-B70668582ADE}.Debug|x64.ActiveCfg = Debug|Any CPU
		{1477F3A1-CD59-4316-A9DB-B70668582ADE}.Debug|x64.Build.0 = Debug|Any CPU
		{1477F3A1-CD59-4316-A9DB-B70668582ADE}.Debug|x86.ActiveCfg = Debug|Any CPU
		{1477F3A1-CD59-4316-A9DB-B70668582ADE}.Debug|x86.Build.0 = Debug|Any CPU
		{1477F3A1-CD59-4316-A9DB-B70668582ADE}.Release|Any CPU.ActiveCfg = Release|Any CPU
		{1477F3A1-CD59-4316-A9DB-B70668582ADE}.Release|Any CPU.Build.0 = Release|Any CPU
		{1477F3A1-CD59-4316-A9DB-B70668582ADE}.Release|x64.ActiveCfg = Release|Any CPU
		{1477F3A1-CD59-4316-A9DB-B70668582ADE}.Release|x64.Build.0 = Release|Any CPU
		{1477F3A1-CD59-4316-A9DB-B70668582ADE}.Release|x86.ActiveCfg = Release|Any CPU
		{1477F3A1-CD59-4316-A9DB-B70668582ADE}.Release|x86.Build.0 = Release|Any CPU
		{2B2F7A65-9F73-4959-98AF-A73EFF2621D4}.Debug|Any CPU.ActiveCfg = Debug|Any CPU
		{2B2F7A65-9F73-4959-98AF-A73EFF2621D4}.Debug|Any CPU.Build.0 = Debug|Any CPU
		{2B2F7A65-9F73-4959-98AF-A73EFF2621D4}.Debug|x64.ActiveCfg = Debug|Any CPU
		{2B2F7A65-9F73-4959-98AF-A73EFF2621D4}.Debug|x64.Build.0 = Debug|Any CPU
		{2B2F7A65-9F73-4959-98AF-A73EFF2621D4}.Debug|x86.ActiveCfg = Debug|Any CPU
		{2B2F7A65-9F73-4959-98AF-A73EFF2621D4}.Debug|x86.Build.0 = Debug|Any CPU
		{2B2F7A65-9F73-4959-98AF-A73EFF2621D4}.Release|Any CPU.ActiveCfg = Release|Any CPU
		{2B2F7A65-9F73-4959-98AF-A73EFF2621D4}.Release|Any CPU.Build.0 = Release|Any CPU
		{2B2F7A65-9F73-4959-98AF-A73EFF2621D4}.Release|x64.ActiveCfg = Release|Any CPU
		{2B2F7A65-9F73-4959-98AF-A73EFF2621D4}.Release|x64.Build.0 = Release|Any CPU
		{2B2F7A65-9F73-4959-98AF-A73EFF2621D4}.Release|x86.ActiveCfg = Release|Any CPU
		{2B2F7A65-9F73-4959-98AF-A73EFF2621D4}.Release|x86.Build.0 = Release|Any CPU
	EndGlobalSection
	GlobalSection(NestedProjects) = preSolution
		{2EC49BA7-4C0E-4A1B-9530-6C02B6A8DBC2} = {0EABE618-EE73-466D-B8C2-1B557D909055}
		{B92A459C-07E8-4905-8262-A12AD4A566FB} = {0EABE618-EE73-466D-B8C2-1B557D909055}
		{793FE35D-D1A2-4C19-B8BB-9FCCD48147A0} = {0EABE618-EE73-466D-B8C2-1B557D909055}
		{1477F3A1-CD59-4316-A9DB-B70668582ADE} = {0EABE618-EE73-466D-B8C2-1B557D909055}
		{2B2F7A65-9F73-4959-98AF-A73EFF2621D4} = {0EABE618-EE73-466D-B8C2-1B557D909055}
	EndGlobalSection
EndGlobal
